
Microsoft Visual Studio Solution File, Format Version 12.00
# Visual Studio 15
VisualStudioVersion = 15.0.28307.489
MinimumVisualStudioVersion = 10.0.40219.1
Project("{FAE04EC0-301F-11D3-BF4B-00C04F79EFBC}") = "dp_mobile.Android", "dp_mobile\dp_mobile.Android\dp_mobile.Android.csproj", "{107C2EB7-FD81-4418-9564-723A62C693F4}"
EndProject
Project("{FAE04EC0-301F-11D3-BF4B-00C04F79EFBC}") = "dp_mobile", "dp_mobile\dp_mobile\dp_mobile.csproj", "{CD18660D-70E6-40B1-814D-F0706546C4AC}"
EndProject
Global
	GlobalSection(SolutionConfigurationPlatforms) = preSolution
		Debug|Any CPU = Debug|Any CPU
		Release|Any CPU = Release|Any CPU
	EndGlobalSection
	GlobalSection(ProjectConfigurationPlatforms) = postSolution
		{107C2EB7-FD81-4418-9564-723A62C693F4}.Debug|Any CPU.ActiveCfg = Debug|Any CPU
		{107C2EB7-FD81-4418-9564-723A62C693F4}.Debug|Any CPU.Build.0 = Debug|Any CPU
		{107C2EB7-FD81-4418-9564-723A62C693F4}.Debug|Any CPU.Deploy.0 = Debug|Any CPU
		{107C2EB7-FD81-4418-9564-723A62C693F4}.Release|Any CPU.ActiveCfg = Release|Any CPU
		{107C2EB7-FD81-4418-9564-723A62C693F4}.Release|Any CPU.Build.0 = Release|Any CPU
		{107C2EB7-FD81-4418-9564-723A62C693F4}.Release|Any CPU.Deploy.0 = Release|Any CPU
		{CD18660D-70E6-40B1-814D-F0706546C4AC}.Debug|Any CPU.ActiveCfg = Debug|Any CPU
		{CD18660D-70E6-40B1-814D-F0706546C4AC}.Debug|Any CPU.Build.0 = Debug|Any CPU
		{CD18660D-70E6-40B1-814D-F0706546C4AC}.Debug|Any CPU.Deploy.0 = Debug|Any CPU
		{CD18660D-70E6-40B1-814D-F0706546C4AC}.Release|Any CPU.ActiveCfg = Release|Any CPU
		{CD18660D-70E6-40B1-814D-F0706546C4AC}.Release|Any CPU.Build.0 = Release|Any CPU
		{CD18660D-70E6-40B1-814D-F0706546C4AC}.Release|Any CPU.Deploy.0 = Release|Any CPU
	EndGlobalSection
	GlobalSection(SolutionProperties) = preSolution
		HideSolutionNode = FALSE
	EndGlobalSection
	GlobalSection(ExtensibilityGlobals) = postSolution
		SolutionGuid = {73474978-AB10-4E25-BE21-6BD242CB0641}
	EndGlobalSection
EndGlobal
